
Microsoft Visual Studio Solution File, Format Version 12.00
# Visual Studio Version 17
VisualStudioVersion = 17.1.32328.378
MinimumVisualStudioVersion = 10.0.40219.1
Project("{9A19103F-16F7-4668-BE54-9A1E7A4F7556}") = "DesignPatterns", "DesignPatterns.csproj", "{66A3CE62-77E8-4E37-9AC9-ED75434BFCCB}"
EndProject
Global
	GlobalSection(SolutionConfigurationPlatforms) = preSolution
		Debug|Any CPU = Debug|Any CPU
		Release|Any CPU = Release|Any CPU
	EndGlobalSection
	GlobalSection(ProjectConfigurationPlatforms) = postSolution
		{66A3CE62-77E8-4E37-9AC9-ED75434BFCCB}.Debug|Any CPU.ActiveCfg = Debug|Any CPU
		{66A3CE62-77E8-4E37-9AC9-ED75434BFCCB}.Debug|Any CPU.Build.0 = Debug|Any CPU
		{66A3CE62-77E8-4E37-9AC9-ED75434BFCCB}.Release|Any CPU.ActiveCfg = Release|Any CPU
		{66A3CE62-77E8-4E37-9AC9-ED75434BFCCB}.Release|Any CPU.Build.0 = Release|Any CPU
	EndGlobalSection
	GlobalSection(SolutionProperties) = preSolution
		HideSolutionNode = FALSE
	EndGlobalSection
	GlobalSection(ExtensibilityGlobals) = postSolution
		SolutionGuid = {79107D4E-3461-4BCC-9D5D-89C9DA11FE00}
	EndGlobalSection
EndGlobal
